
Microsoft Visual Studio Solution File, Format Version 12.00
# Visual Studio 15
VisualStudioVersion = 15.0.28307.852
MinimumVisualStudioVersion = 10.0.40219.1
Project("{8BC9CEB8-8B4A-11D0-8D11-00A0C91BC942}") = "CSC3150_Assignment3", "CSC3150_Assignment3\CSC3150_Assignment3.vcxproj", "{EC6DA6E6-51E6-41A6-83B7-581F97AF4F7A}"
EndProject
Global
	GlobalSection(SolutionConfigurationPlatforms) = preSolution
		Debug|x64 = Debug|x64
		Release|x64 = Release|x64
	EndGlobalSection
	GlobalSection(ProjectConfigurationPlatforms) = postSolution
		{EC6DA6E6-51E6-41A6-83B7-581F97AF4F7A}.Debug|x64.ActiveCfg = Debug|x64
		{EC6DA6E6-51E6-41A6-83B7-581F97AF4F7A}.Debug|x64.Build.0 = Debug|x64
		{EC6DA6E6-51E6-41A6-83B7-581F97AF4F7A}.Release|x64.ActiveCfg = Release|x64
		{EC6DA6E6-51E6-41A6-83B7-581F97AF4F7A}.Release|x64.Build.0 = Release|x64
	EndGlobalSection
	GlobalSection(SolutionProperties) = preSolution
		HideSolutionNode = FALSE
	EndGlobalSection
	GlobalSection(ExtensibilityGlobals) = postSolution
		SolutionGuid = {203F2890-B49F-42A8-B1E6-7DD549D69ABD}
	EndGlobalSection
EndGlobal
